
Microsoft Visual Studio Solution File, Format Version 12.00
Project("{FAE04EC0-301F-11D3-BF4B-00C04F79EFBC}") = "autoenc", "autoenc.csproj", "{0E844C35-E5C1-4F8D-975D-252A01BA28E0}"
EndProject
Global
	GlobalSection(SolutionConfigurationPlatforms) = preSolution
		Debug|Any CPU = Debug|Any CPU
		Release|Any CPU = Release|Any CPU
	EndGlobalSection
	GlobalSection(ProjectConfigurationPlatforms) = postSolution
		{0E844C35-E5C1-4F8D-975D-252A01BA28E0}.Debug|Any CPU.ActiveCfg = Debug|Any CPU
		{0E844C35-E5C1-4F8D-975D-252A01BA28E0}.Debug|Any CPU.Build.0 = Debug|Any CPU
		{0E844C35-E5C1-4F8D-975D-252A01BA28E0}.Release|Any CPU.ActiveCfg = Release|Any CPU
		{0E844C35-E5C1-4F8D-975D-252A01BA28E0}.Release|Any CPU.Build.0 = Release|Any CPU
	EndGlobalSection
EndGlobal
